
Microsoft Visual Studio Solution File, Format Version 12.00
# Visual Studio Version 17
VisualStudioVersion = 17.3.32901.215
MinimumVisualStudioVersion = 10.0.40219.1
Project("{FAE04EC0-301F-11D3-BF4B-00C04F79EFBC}") = "LibraryConsole", "Library\LibraryConsole.csproj", "{DBDEB9B4-BF4F-415D-9D9C-C72A4169C3B7}"
EndProject
Project("{FAE04EC0-301F-11D3-BF4B-00C04F79EFBC}") = "LibraryLogic", "LibraryLogic\LibraryLogic.csproj", "{AF2B308B-3E48-4053-821F-BAF3A3F5F900}"
EndProject
Project("{FAE04EC0-301F-11D3-BF4B-00C04F79EFBC}") = "LibraryDataSource", "LibraryDataSource\LibraryDataSource.csproj", "{23D6E402-7DCB-4C5F-BE60-D04F22AA8324}"
EndProject
Project("{FAE04EC0-301F-11D3-BF4B-00C04F79EFBC}") = "LibraryLogicTests", "LibraryLogicTests\LibraryLogicTests.csproj", "{27D714B5-3DC1-4C1E-8BD2-36D7EA4D20C9}"
EndProject
Global
	GlobalSection(SolutionConfigurationPlatforms) = preSolution
		Debug|Any CPU = Debug|Any CPU
		Release|Any CPU = Release|Any CPU
	EndGlobalSection
	GlobalSection(ProjectConfigurationPlatforms) = postSolution
		{DBDEB9B4-BF4F-415D-9D9C-C72A4169C3B7}.Debug|Any CPU.ActiveCfg = Debug|Any CPU
		{DBDEB9B4-BF4F-415D-9D9C-C72A4169C3B7}.Debug|Any CPU.Build.0 = Debug|Any CPU
		{DBDEB9B4-BF4F-415D-9D9C-C72A4169C3B7}.Release|Any CPU.ActiveCfg = Release|Any CPU
		{DBDEB9B4-BF4F-415D-9D9C-C72A4169C3B7}.Release|Any CPU.Build.0 = Release|Any CPU
		{AF2B308B-3E48-4053-821F-BAF3A3F5F900}.Debug|Any CPU.ActiveCfg = Debug|Any CPU
		{AF2B308B-3E48-4053-821F-BAF3A3F5F900}.Debug|Any CPU.Build.0 = Debug|Any CPU
		{AF2B308B-3E48-4053-821F-BAF3A3F5F900}.Release|Any CPU.ActiveCfg = Release|Any CPU
		{AF2B308B-3E48-4053-821F-BAF3A3F5F900}.Release|Any CPU.Build.0 = Release|Any CPU
		{23D6E402-7DCB-4C5F-BE60-D04F22AA8324}.Debug|Any CPU.ActiveCfg = Debug|Any CPU
		{23D6E402-7DCB-4C5F-BE60-D04F22AA8324}.Debug|Any CPU.Build.0 = Debug|Any CPU
		{23D6E402-7DCB-4C5F-BE60-D04F22AA8324}.Release|Any CPU.ActiveCfg = Release|Any CPU
		{23D6E402-7DCB-4C5F-BE60-D04F22AA8324}.Release|Any CPU.Build.0 = Release|Any CPU
		{27D714B5-3DC1-4C1E-8BD2-36D7EA4D20C9}.Debug|Any CPU.ActiveCfg = Debug|Any CPU
		{27D714B5-3DC1-4C1E-8BD2-36D7EA4D20C9}.Debug|Any CPU.Build.0 = Debug|Any CPU
		{27D714B5-3DC1-4C1E-8BD2-36D7EA4D20C9}.Release|Any CPU.ActiveCfg = Release|Any CPU
		{27D714B5-3DC1-4C1E-8BD2-36D7EA4D20C9}.Release|Any CPU.Build.0 = Release|Any CPU
	EndGlobalSection
	GlobalSection(SolutionProperties) = preSolution
		HideSolutionNode = FALSE
	EndGlobalSection
	GlobalSection(ExtensibilityGlobals) = postSolution
		SolutionGuid = {A37EB747-B0DB-444B-9F30-D105E646DEB3}
	EndGlobalSection
EndGlobal
