
Microsoft Visual Studio Solution File, Format Version 12.00
# Visual Studio Version 17
VisualStudioVersion = 17.3.32901.215
MinimumVisualStudioVersion = 10.0.40219.1
Project("{FAE04EC0-301F-11D3-BF4B-00C04F79EFBC}") = "LibraryConsole", "Library\LibraryConsole.csproj", "{DBDEB9B4-BF4F-415D-9D9C-C72A4169C3B7}"
EndProject
Global
	GlobalSection(SolutionConfigurationPlatforms) = preSolution
		Debug|Any CPU = Debug|Any CPU
		Release|Any CPU = Release|Any CPU
	EndGlobalSection
	GlobalSection(ProjectConfigurationPlatforms) = postSolution
		{DBDEB9B4-BF4F-415D-9D9C-C72A4169C3B7}.Debug|Any CPU.ActiveCfg = Debug|Any CPU
		{DBDEB9B4-BF4F-415D-9D9C-C72A4169C3B7}.Debug|Any CPU.Build.0 = Debug|Any CPU
		{DBDEB9B4-BF4F-415D-9D9C-C72A4169C3B7}.Release|Any CPU.ActiveCfg = Release|Any CPU
		{DBDEB9B4-BF4F-415D-9D9C-C72A4169C3B7}.Release|Any CPU.Build.0 = Release|Any CPU
	EndGlobalSection
	GlobalSection(SolutionProperties) = preSolution
		HideSolutionNode = FALSE
	EndGlobalSection
	GlobalSection(ExtensibilityGlobals) = postSolution
		SolutionGuid = {A37EB747-B0DB-444B-9F30-D105E646DEB3}
	EndGlobalSection
EndGlobal
